
Microsoft Visual Studio Solution File, Format Version 12.00
# Visual Studio Version 17
VisualStudioVersion = 17.1.32210.238
MinimumVisualStudioVersion = 10.0.40219.1
Project("{FAE04EC0-301F-11D3-BF4B-00C04F79EFBC}") = "Amethyst-Installer", "Amethyst-Installer\Amethyst-Installer.csproj", "{2CB67156-4436-4DC2-B892-52B8F69B9591}"
EndProject
Project("{FAE04EC0-301F-11D3-BF4B-00C04F79EFBC}") = "AutoGenerateLoc", "AutoGenerate\AutoGenerateLoc.csproj", "{3F1750AC-522A-4983-B648-84606BBEB8BB}"
EndProject
Project("{FAE04EC0-301F-11D3-BF4B-00C04F79EFBC}") = "GenUninstallList", "GenUninstallList\GenUninstallList.csproj", "{AC33A332-2C69-47EE-8A35-F4D53DA5622A}"
EndProject
Global
	GlobalSection(SolutionConfigurationPlatforms) = preSolution
		Debug|Any CPU = Debug|Any CPU
		Debug|x64 = Debug|x64
		Release|Any CPU = Release|Any CPU
		Release|x64 = Release|x64
	EndGlobalSection
	GlobalSection(ProjectConfigurationPlatforms) = postSolution
		{2CB67156-4436-4DC2-B892-52B8F69B9591}.Debug|Any CPU.ActiveCfg = Debug|Any CPU
		{2CB67156-4436-4DC2-B892-52B8F69B9591}.Debug|Any CPU.Build.0 = Debug|Any CPU
		{2CB67156-4436-4DC2-B892-52B8F69B9591}.Debug|x64.ActiveCfg = Debug|x64
		{2CB67156-4436-4DC2-B892-52B8F69B9591}.Debug|x64.Build.0 = Debug|x64
		{2CB67156-4436-4DC2-B892-52B8F69B9591}.Release|Any CPU.ActiveCfg = Release|Any CPU
		{2CB67156-4436-4DC2-B892-52B8F69B9591}.Release|Any CPU.Build.0 = Release|Any CPU
		{2CB67156-4436-4DC2-B892-52B8F69B9591}.Release|x64.ActiveCfg = Release|x64
		{2CB67156-4436-4DC2-B892-52B8F69B9591}.Release|x64.Build.0 = Release|x64
		{3F1750AC-522A-4983-B648-84606BBEB8BB}.Debug|Any CPU.ActiveCfg = Debug|Any CPU
		{3F1750AC-522A-4983-B648-84606BBEB8BB}.Debug|Any CPU.Build.0 = Debug|Any CPU
		{3F1750AC-522A-4983-B648-84606BBEB8BB}.Debug|x64.ActiveCfg = Debug|Any CPU
		{3F1750AC-522A-4983-B648-84606BBEB8BB}.Debug|x64.Build.0 = Debug|Any CPU
		{3F1750AC-522A-4983-B648-84606BBEB8BB}.Release|Any CPU.ActiveCfg = Release|Any CPU
		{3F1750AC-522A-4983-B648-84606BBEB8BB}.Release|Any CPU.Build.0 = Release|Any CPU
		{3F1750AC-522A-4983-B648-84606BBEB8BB}.Release|x64.ActiveCfg = Release|Any CPU
		{3F1750AC-522A-4983-B648-84606BBEB8BB}.Release|x64.Build.0 = Release|Any CPU
		{AC33A332-2C69-47EE-8A35-F4D53DA5622A}.Debug|Any CPU.ActiveCfg = Debug|Any CPU
		{AC33A332-2C69-47EE-8A35-F4D53DA5622A}.Debug|Any CPU.Build.0 = Debug|Any CPU
		{AC33A332-2C69-47EE-8A35-F4D53DA5622A}.Debug|x64.ActiveCfg = Debug|Any CPU
		{AC33A332-2C69-47EE-8A35-F4D53DA5622A}.Debug|x64.Build.0 = Debug|Any CPU
		{AC33A332-2C69-47EE-8A35-F4D53DA5622A}.Release|Any CPU.ActiveCfg = Release|Any CPU
		{AC33A332-2C69-47EE-8A35-F4D53DA5622A}.Release|Any CPU.Build.0 = Release|Any CPU
		{AC33A332-2C69-47EE-8A35-F4D53DA5622A}.Release|x64.ActiveCfg = Release|Any CPU
		{AC33A332-2C69-47EE-8A35-F4D53DA5622A}.Release|x64.Build.0 = Release|Any CPU
	EndGlobalSection
	GlobalSection(SolutionProperties) = preSolution
		HideSolutionNode = FALSE
	EndGlobalSection
	GlobalSection(ExtensibilityGlobals) = postSolution
		SolutionGuid = {7E2A077C-682F-41EA-B414-652C4048D557}
	EndGlobalSection
EndGlobal
